
Microsoft Visual Studio Solution File, Format Version 12.00
# Visual Studio 15
VisualStudioVersion = 15.0.27130.2024
MinimumVisualStudioVersion = 10.0.40219.1
Project("{00D1A9C2-B5F0-4AF3-8072-F6C62B433612}") = "VS_Sql_Demo", "VS_Sql_Demo.sqlproj", "{85344B34-296B-4761-A7A9-1F26F2A5E978}"
EndProject
Global
	GlobalSection(SolutionConfigurationPlatforms) = preSolution
		Debug|Any CPU = Debug|Any CPU
		Release|Any CPU = Release|Any CPU
	EndGlobalSection
	GlobalSection(ProjectConfigurationPlatforms) = postSolution
		{85344B34-296B-4761-A7A9-1F26F2A5E978}.Debug|Any CPU.ActiveCfg = Debug|Any CPU
		{85344B34-296B-4761-A7A9-1F26F2A5E978}.Debug|Any CPU.Build.0 = Debug|Any CPU
		{85344B34-296B-4761-A7A9-1F26F2A5E978}.Debug|Any CPU.Deploy.0 = Debug|Any CPU
		{85344B34-296B-4761-A7A9-1F26F2A5E978}.Release|Any CPU.ActiveCfg = Release|Any CPU
		{85344B34-296B-4761-A7A9-1F26F2A5E978}.Release|Any CPU.Build.0 = Release|Any CPU
		{85344B34-296B-4761-A7A9-1F26F2A5E978}.Release|Any CPU.Deploy.0 = Release|Any CPU
	EndGlobalSection
	GlobalSection(SolutionProperties) = preSolution
		HideSolutionNode = FALSE
	EndGlobalSection
	GlobalSection(ExtensibilityGlobals) = postSolution
		SolutionGuid = {CE360949-96CF-46A3-B0F6-EA57FC9E8CED}
	EndGlobalSection
EndGlobal
